
Microsoft Visual Studio Solution File, Format Version 12.00
# Visual Studio Version 17
VisualStudioVersion = 17.14.36603.0 d17.14
MinimumVisualStudioVersion = 10.0.40219.1
Project("{FAE04EC0-301F-11D3-BF4B-00C04F79EFBC}") = "KrpanoOnlineViewer", "KrpanoOnlineViewer\KrpanoOnlineViewer.csproj", "{1EAEB049-B19A-47FE-A42E-4F0F5CA769BA}"
EndProject
Global
	GlobalSection(SolutionConfigurationPlatforms) = preSolution
		Debug|Any CPU = Debug|Any CPU
		Release|Any CPU = Release|Any CPU
	EndGlobalSection
	GlobalSection(ProjectConfigurationPlatforms) = postSolution
		{1EAEB049-B19A-47FE-A42E-4F0F5CA769BA}.Debug|Any CPU.ActiveCfg = Debug|Any CPU
		{1EAEB049-B19A-47FE-A42E-4F0F5CA769BA}.Debug|Any CPU.Build.0 = Debug|Any CPU
		{1EAEB049-B19A-47FE-A42E-4F0F5CA769BA}.Release|Any CPU.ActiveCfg = Release|Any CPU
		{1EAEB049-B19A-47FE-A42E-4F0F5CA769BA}.Release|Any CPU.Build.0 = Release|Any CPU
	EndGlobalSection
	GlobalSection(SolutionProperties) = preSolution
		HideSolutionNode = FALSE
	EndGlobalSection
	GlobalSection(ExtensibilityGlobals) = postSolution
		SolutionGuid = {29B49B3E-B826-402B-BB4D-9124EF2F4C8B}
	EndGlobalSection
EndGlobal
